
Microsoft Visual Studio Solution File, Format Version 12.00
# Visual Studio Version 17
VisualStudioVersion = 17.0.31903.59
MinimumVisualStudioVersion = 10.0.40219.1
Project("{FAE04EC0-301F-11D3-BF4B-00C04F79EFBC}") = "ChatRoom.Api", "ChatRoom.Api\ChatRoom.Api.csproj", "{A5A6B78C-CAC7-46D4-A1AC-B0E19AF2E81C}"
EndProject
Global
	GlobalSection(SolutionConfigurationPlatforms) = preSolution
		Debug|Any CPU = Debug|Any CPU
		Release|Any CPU = Release|Any CPU
	EndGlobalSection
	GlobalSection(SolutionProperties) = preSolution
		HideSolutionNode = FALSE
	EndGlobalSection
	GlobalSection(ProjectConfigurationPlatforms) = postSolution
		{A5A6B78C-CAC7-46D4-A1AC-B0E19AF2E81C}.Debug|Any CPU.ActiveCfg = Debug|Any CPU
		{A5A6B78C-CAC7-46D4-A1AC-B0E19AF2E81C}.Debug|Any CPU.Build.0 = Debug|Any CPU
		{A5A6B78C-CAC7-46D4-A1AC-B0E19AF2E81C}.Release|Any CPU.ActiveCfg = Release|Any CPU
		{A5A6B78C-CAC7-46D4-A1AC-B0E19AF2E81C}.Release|Any CPU.Build.0 = Release|Any CPU
	EndGlobalSection
EndGlobal
